
Microsoft Visual Studio Solution File, Format Version 12.00
# Visual Studio Version 16
VisualStudioVersion = 16.0.31911.196
MinimumVisualStudioVersion = 10.0.40219.1
Project("{FAE04EC0-301F-11D3-BF4B-00C04F79EFBC}") = "KK_EditFangs", "KK_EditFangs\KK_EditFangs.csproj", "{74FA02B7-E324-4F91-8C59-A4927DD5D49A}"
EndProject
Project("{FAE04EC0-301F-11D3-BF4B-00C04F79EFBC}") = "KKS_EditFangs", "KKS_EditFangs\KKS_EditFangs.csproj", "{E3C01866-A92F-4D49-B405-680124C98F04}"
EndProject
Global
	GlobalSection(SolutionConfigurationPlatforms) = preSolution
		Debug|Any CPU = Debug|Any CPU
		Release|Any CPU = Release|Any CPU
	EndGlobalSection
	GlobalSection(ProjectConfigurationPlatforms) = postSolution
		{74FA02B7-E324-4F91-8C59-A4927DD5D49A}.Debug|Any CPU.ActiveCfg = Debug|Any CPU
		{74FA02B7-E324-4F91-8C59-A4927DD5D49A}.Debug|Any CPU.Build.0 = Debug|Any CPU
		{74FA02B7-E324-4F91-8C59-A4927DD5D49A}.Release|Any CPU.ActiveCfg = Release|Any CPU
		{74FA02B7-E324-4F91-8C59-A4927DD5D49A}.Release|Any CPU.Build.0 = Release|Any CPU
		{E3C01866-A92F-4D49-B405-680124C98F04}.Debug|Any CPU.ActiveCfg = Debug|Any CPU
		{E3C01866-A92F-4D49-B405-680124C98F04}.Debug|Any CPU.Build.0 = Debug|Any CPU
		{E3C01866-A92F-4D49-B405-680124C98F04}.Release|Any CPU.ActiveCfg = Release|Any CPU
		{E3C01866-A92F-4D49-B405-680124C98F04}.Release|Any CPU.Build.0 = Release|Any CPU
	EndGlobalSection
	GlobalSection(SolutionProperties) = preSolution
		HideSolutionNode = FALSE
	EndGlobalSection
	GlobalSection(ExtensibilityGlobals) = postSolution
		SolutionGuid = {AEDEC384-46E9-4297-B2DE-74D8BC585A29}
	EndGlobalSection
EndGlobal
